// !$*UTF8*$!
{
	archiveVersion = 1;
	classes = {
	};
	objectVersion = 56;
	objects = {

/* Begin PBXBuildFile section */
		9404299A2F6443EB0017EC08 /* CartView.swift in Sources */ = {isa = PBXBuildFile; fileRef = 940429992F6443EB0017EC08 /* CartView.swift */; };
		942DA9902F72A7D400BCD0D2 /* UserAgreementView.swift in Sources */ = {isa = PBXBuildFile; fileRef = 942DA98F2F72A7D300BCD0D2 /* UserAgreementView.swift */; };
		944DF0BC2F76C21600DFE9A0 /* Coordinator.swift in Sources */ = {isa = PBXBuildFile; fileRef = 944DF0BB2F76C20E00DFE9A0 /* Coordinator.swift */; };
		94863E8F2F7A5F21002D227F /* NftOrder.swift in Sources */ = {isa = PBXBuildFile; fileRef = 94863E8E2F7A5F1E002D227F /* NftOrder.swift */; };
		94C3538E2F73342D005DDBA1 /* PaymentResponse.swift in Sources */ = {isa = PBXBuildFile; fileRef = 94C3538D2F733421005DDBA1 /* PaymentResponse.swift */; };
		94C353902F733485005DDBA1 /* PaymentRequest.swift in Sources */ = {isa = PBXBuildFile; fileRef = 94C3538F2F733480005DDBA1 /* PaymentRequest.swift */; };
		94C353942F73A615005DDBA1 /* PaymentSuccessView.swift in Sources */ = {isa = PBXBuildFile; fileRef = 94C353932F73A615005DDBA1 /* PaymentSuccessView.swift */; };
		94C353972F74076E005DDBA1 /* CartViewModel+Extension.swift in Sources */ = {isa = PBXBuildFile; fileRef = 94C353962F740762005DDBA1 /* CartViewModel+Extension.swift */; };
		94C353992F74082D005DDBA1 /* PaymentMethodViewModel+Extension.swift in Sources */ = {isa = PBXBuildFile; fileRef = 94C353982F740823005DDBA1 /* PaymentMethodViewModel+Extension.swift */; };
		94C356982F7A59B80008FB6B /* NftGetOrderRequest.swift in Sources */ = {isa = PBXBuildFile; fileRef = 94D0C1052F6C17D60031186B /* NftGetOrderRequest.swift */; };
		94C356992F7A59CF0008FB6B /* NftPutOrderRequest.swift in Sources */ = {isa = PBXBuildFile; fileRef = 94D0C1132F6D701B0031186B /* NftPutOrderRequest.swift */; };
		94C3569A2F7A5B850008FB6B /* LoadingView.swift in Sources */ = {isa = PBXBuildFile; fileRef = ABC5E1DE2C3204FB002B4068 /* LoadingView.swift */; };
		94CDDC592F692C20003E255F /* NftCardItemCell.swift in Sources */ = {isa = PBXBuildFile; fileRef = 94CDDC582F692C20003E255F /* NftCardItemCell.swift */; };
		94CDDC5F2F697950003E255F /* NftCardDeleteCover.swift in Sources */ = {isa = PBXBuildFile; fileRef = 94CDDC5E2F697950003E255F /* NftCardDeleteCover.swift */; };
		94CDDC612F698753003E255F /* BackgroundBlurView.swift in Sources */ = {isa = PBXBuildFile; fileRef = 94CDDC602F69874E003E255F /* BackgroundBlurView.swift */; };
		94CDDC632F69DFD2003E255F /* CartEmptyView.swift in Sources */ = {isa = PBXBuildFile; fileRef = 94CDDC622F69DFD2003E255F /* CartEmptyView.swift */; };
		94D0C0FC2F6AA2020031186B /* CartViewModel.swift in Sources */ = {isa = PBXBuildFile; fileRef = 94D0C0FB2F6AA1F40031186B /* CartViewModel.swift */; };
		94D0C1012F6AC7480031186B /* Router.swift in Sources */ = {isa = PBXBuildFile; fileRef = 94D0C1002F6AC7440031186B /* Router.swift */; };
		94D0C1032F6AC7CE0031186B /* RouteEndpoint.swift in Sources */ = {isa = PBXBuildFile; fileRef = 94D0C1022F6AC7C80031186B /* RouteEndpoint.swift */; };
		94D0C10B2F6C63BF0031186B /* APIResponsesStatus.swift in Sources */ = {isa = PBXBuildFile; fileRef = 94D0C10A2F6C63B60031186B /* APIResponsesStatus.swift */; };
		94D0C1112F6D31DA0031186B /* NftCardImage.swift in Sources */ = {isa = PBXBuildFile; fileRef = 94D0C1102F6D31DA0031186B /* NftCardImage.swift */; };
		94D0C1182F7079B70031186B /* NtfOrderStorage.swift in Sources */ = {isa = PBXBuildFile; fileRef = 94D0C1172F7079AC0031186B /* NtfOrderStorage.swift */; };
		94D0C11B2F710D250031186B /* NftOrderPredicate.swift in Sources */ = {isa = PBXBuildFile; fileRef = 94D0C11A2F710D1C0031186B /* NftOrderPredicate.swift */; };
		94D0C11D2F7131230031186B /* PaymentMethodView.swift in Sources */ = {isa = PBXBuildFile; fileRef = 94D0C11C2F7131220031186B /* PaymentMethodView.swift */; };
		94D0C1212F7139760031186B /* NavigationBackButton.swift in Sources */ = {isa = PBXBuildFile; fileRef = 94D0C1202F7139760031186B /* NavigationBackButton.swift */; };
		94D0C1232F7141360031186B /* Currency.swift in Sources */ = {isa = PBXBuildFile; fileRef = 94D0C1222F71412E0031186B /* Currency.swift */; };
		94D0C1252F7143C10031186B /* CurrencyGetRequest.swift in Sources */ = {isa = PBXBuildFile; fileRef = 94D0C1242F7143AB0031186B /* CurrencyGetRequest.swift */; };
		94D0C1272F7144BD0031186B /* CurrencyService.swift in Sources */ = {isa = PBXBuildFile; fileRef = 94D0C1262F7144B40031186B /* CurrencyService.swift */; };
		94D0C1292F71458B0031186B /* CurrencyStorage.swift in Sources */ = {isa = PBXBuildFile; fileRef = 94D0C1282F7145840031186B /* CurrencyStorage.swift */; };
		94D0C12B2F7147A30031186B /* PaymentMethodViewModel.swift in Sources */ = {isa = PBXBuildFile; fileRef = 94D0C12A2F71479B0031186B /* PaymentMethodViewModel.swift */; };
		94D0C12E2F7156360031186B /* CurrencyItemCell.swift in Sources */ = {isa = PBXBuildFile; fileRef = 94D0C12D2F7156350031186B /* CurrencyItemCell.swift */; };
		94F63A232F717046008E57E7 /* ProgressCircle.swift in Sources */ = {isa = PBXBuildFile; fileRef = 94F63A222F717046008E57E7 /* ProgressCircle.swift */; };
		ABC5E16C2C31F5AF002B4068 /* iOS_FakeNFT_ExtendedApp.swift in Sources */ = {isa = PBXBuildFile; fileRef = ABC5E16B2C31F5AF002B4068 /* iOS_FakeNFT_ExtendedApp.swift */; };
		ABC5E16E2C31F5AF002B4068 /* ContentView.swift in Sources */ = {isa = PBXBuildFile; fileRef = ABC5E16D2C31F5AF002B4068 /* ContentView.swift */; };
		ABC5E1702C31F5AF002B4068 /* Assets.xcassets in Resources */ = {isa = PBXBuildFile; fileRef = ABC5E16F2C31F5AF002B4068 /* Assets.xcassets */; };
		ABC5E1732C31F5AF002B4068 /* Preview Assets.xcassets in Resources */ = {isa = PBXBuildFile; fileRef = ABC5E1722C31F5AF002B4068 /* Preview Assets.xcassets */; };
		ABC5E17D2C31F5B0002B4068 /* iOS_FakeNFT_ExtendedTests.swift in Sources */ = {isa = PBXBuildFile; fileRef = ABC5E17C2C31F5B0002B4068 /* iOS_FakeNFT_ExtendedTests.swift */; };
		ABC5E1872C31F5B0002B4068 /* iOS_FakeNFT_ExtendedUITests.swift in Sources */ = {isa = PBXBuildFile; fileRef = ABC5E1862C31F5B0002B4068 /* iOS_FakeNFT_ExtendedUITests.swift */; };
		ABC5E1972C31F656002B4068 /* Colors.swift in Sources */ = {isa = PBXBuildFile; fileRef = ABC5E1962C31F656002B4068 /* Colors.swift */; };
		ABC5E1992C31F666002B4068 /* Fonts.swift in Sources */ = {isa = PBXBuildFile; fileRef = ABC5E1982C31F666002B4068 /* Fonts.swift */; };
		ABC5E19D2C31F6A6002B4068 /* NftStorage.swift in Sources */ = {isa = PBXBuildFile; fileRef = ABC5E19C2C31F6A6002B4068 /* NftStorage.swift */; };
		ABC5E1A12C31F6D7002B4068 /* Nft.swift in Sources */ = {isa = PBXBuildFile; fileRef = ABC5E1A02C31F6D7002B4068 /* Nft.swift */; };
		ABC5E1A42C31F800002B4068 /* NetworkClient.swift in Sources */ = {isa = PBXBuildFile; fileRef = ABC5E1A32C31F800002B4068 /* NetworkClient.swift */; };
		ABC5E1A62C31F815002B4068 /* NetworkRequest.swift in Sources */ = {isa = PBXBuildFile; fileRef = ABC5E1A52C31F815002B4068 /* NetworkRequest.swift */; };
		ABC5E1A82C31FA90002B4068 /* DateFormatters+Presets.swift in Sources */ = {isa = PBXBuildFile; fileRef = ABC5E1A72C31FA90002B4068 /* DateFormatters+Presets.swift */; };
		ABC5E1AB2C31FACD002B4068 /* NftService.swift in Sources */ = {isa = PBXBuildFile; fileRef = ABC5E1AA2C31FACD002B4068 /* NftService.swift */; };
		ABC5E1AE2C31FB7F002B4068 /* NftByIdRequest.swift in Sources */ = {isa = PBXBuildFile; fileRef = ABC5E1AD2C31FB7F002B4068 /* NftByIdRequest.swift */; };
		ABC5E1B02C31FB90002B4068 /* RequestConstants.swift in Sources */ = {isa = PBXBuildFile; fileRef = ABC5E1AF2C31FB90002B4068 /* RequestConstants.swift */; };
		ABC5E1B22C31FBD4002B4068 /* ExampleRequest.swift in Sources */ = {isa = PBXBuildFile; fileRef = ABC5E1B12C31FBD4002B4068 /* ExampleRequest.swift */; };
		ABC5E1B52C31FC57002B4068 /* TabBarView.swift in Sources */ = {isa = PBXBuildFile; fileRef = ABC5E1B42C31FC57002B4068 /* TabBarView.swift */; };
		ABC5E1B72C31FC70002B4068 /* ServicesAssembly.swift in Sources */ = {isa = PBXBuildFile; fileRef = ABC5E1B62C31FC70002B4068 /* ServicesAssembly.swift */; };
		ABC5E1B92C31FD51002B4068 /* TestCatalogView.swift in Sources */ = {isa = PBXBuildFile; fileRef = ABC5E1B82C31FD51002B4068 /* TestCatalogView.swift */; };
		ABC5E1CB2C3203FC002B4068 /* NftDetailCellModel.swift in Sources */ = {isa = PBXBuildFile; fileRef = ABC5E1CA2C3203FC002B4068 /* NftDetailCellModel.swift */; };
		ABC5E1CD2C32040C002B4068 /* NftImageCollectionViewCell.swift in Sources */ = {isa = PBXBuildFile; fileRef = ABC5E1CC2C32040C002B4068 /* NftImageCollectionViewCell.swift */; };
		ABC5E1CF2C32041D002B4068 /* NftDetailViewController.swift in Sources */ = {isa = PBXBuildFile; fileRef = ABC5E1CE2C32041D002B4068 /* NftDetailViewController.swift */; };
		ABC5E1D12C32042C002B4068 /* NftDetailPresenter.swift in Sources */ = {isa = PBXBuildFile; fileRef = ABC5E1D02C32042C002B4068 /* NftDetailPresenter.swift */; };
		ABC5E1D32C320438002B4068 /* NftDetailAssembly.swift in Sources */ = {isa = PBXBuildFile; fileRef = ABC5E1D22C320438002B4068 /* NftDetailAssembly.swift */; };
		ABC5E1D52C320446002B4068 /* NftDetailInput.swift in Sources */ = {isa = PBXBuildFile; fileRef = ABC5E1D42C320446002B4068 /* NftDetailInput.swift */; };
		ABC5E1D82C3204A9002B4068 /* Kingfisher in Frameworks */ = {isa = PBXBuildFile; productRef = ABC5E1D72C3204A9002B4068 /* Kingfisher */; };
		ABC5E1DB2C3204CE002B4068 /* UIView+Constraints.swift in Sources */ = {isa = PBXBuildFile; fileRef = ABC5E1DA2C3204CE002B4068 /* UIView+Constraints.swift */; };
		ABC5E1DD2C3204DC002B4068 /* CellsReusingUtils.swift in Sources */ = {isa = PBXBuildFile; fileRef = ABC5E1DC2C3204DC002B4068 /* CellsReusingUtils.swift */; };
		ABC5E1E22C320535002B4068 /* ProgressHUD in Frameworks */ = {isa = PBXBuildFile; productRef = ABC5E1E12C320535002B4068 /* ProgressHUD */; };
		ABC5E1E42C32055B002B4068 /* ErrorView.swift in Sources */ = {isa = PBXBuildFile; fileRef = ABC5E1E32C32055B002B4068 /* ErrorView.swift */; };
		ABC5E1E62C320585002B4068 /* LinePageControl.swift in Sources */ = {isa = PBXBuildFile; fileRef = ABC5E1E52C320585002B4068 /* LinePageControl.swift */; };
		ABC5E1E82C320610002B4068 /* NftDetailBridgeView.swift in Sources */ = {isa = PBXBuildFile; fileRef = ABC5E1E72C320610002B4068 /* NftDetailBridgeView.swift */; };
		ABC5E1EB2C32084F002B4068 /* Localizable.strings in Resources */ = {isa = PBXBuildFile; fileRef = ABC5E1E92C32084F002B4068 /* Localizable.strings */; };
		E88EE35A2F60A0B000AC1D82 /* CatalogueListRowView.swift in Sources */ = {isa = PBXBuildFile; fileRef = E88EE3592F60A0B000AC1D82 /* CatalogueListRowView.swift */; };
		E88EE3622F61EAB100AC1D82 /* CatalogueView.swift in Sources */ = {isa = PBXBuildFile; fileRef = E88EE3612F61EAB100AC1D82 /* CatalogueView.swift */; };
		E88EE36A2F633D7500AC1D82 /* CollectionRowView.swift in Sources */ = {isa = PBXBuildFile; fileRef = E88EE3692F633D7500AC1D82 /* CollectionRowView.swift */; };
		E88EE36C2F69EFCD00AC1D82 /* KFImageView.swift in Sources */ = {isa = PBXBuildFile; fileRef = E88EE36B2F69EFCD00AC1D82 /* KFImageView.swift */; };
		E88EE36E2F69FAB700AC1D82 /* CollectionNFTView.swift in Sources */ = {isa = PBXBuildFile; fileRef = E88EE36D2F69FAB700AC1D82 /* CollectionNFTView.swift */; };
		E88EE3712F6B229400AC1D82 /* NFTCellModel.swift in Sources */ = {isa = PBXBuildFile; fileRef = E88EE3702F6B229400AC1D82 /* NFTCellModel.swift */; };
		E88EE3732F6B3AAC00AC1D82 /* CollectionModel.swift in Sources */ = {isa = PBXBuildFile; fileRef = E88EE3722F6B3AAC00AC1D82 /* CollectionModel.swift */; };
		E88EE3762F6C706900AC1D82 /* CatalogueViewModel.swift in Sources */ = {isa = PBXBuildFile; fileRef = E88EE3752F6C706900AC1D82 /* CatalogueViewModel.swift */; };
		E88EE37B2F6C7CBF00AC1D82 /* CollectionNFTViewModel.swift in Sources */ = {isa = PBXBuildFile; fileRef = E88EE37A2F6C7CBF00AC1D82 /* CollectionNFTViewModel.swift */; };
		E88EE3832F6EB47200AC1D82 /* CollectionsStorage.swift in Sources */ = {isa = PBXBuildFile; fileRef = E88EE3822F6EB47200AC1D82 /* CollectionsStorage.swift */; };
		E88EE3852F6EB8F100AC1D82 /* CollectionsRequest.swift in Sources */ = {isa = PBXBuildFile; fileRef = E88EE3842F6EB8F100AC1D82 /* CollectionsRequest.swift */; };
		E88EE3872F6EDA4D00AC1D82 /* CollectionsServise.swift in Sources */ = {isa = PBXBuildFile; fileRef = E88EE3862F6EDA4D00AC1D82 /* CollectionsServise.swift */; };
		E89920202F770F5B00530C1A /* UserProfile.swift in Sources */ = {isa = PBXBuildFile; fileRef = E899201F2F770F5B00530C1A /* UserProfile.swift */; };
		E89920222F7711F900530C1A /* UserProfileStorage.swift in Sources */ = {isa = PBXBuildFile; fileRef = E89920212F7711F900530C1A /* UserProfileStorage.swift */; };
		E89920262F771B4100530C1A /* UserProfileGetRequest.swift in Sources */ = {isa = PBXBuildFile; fileRef = E89920252F771B4100530C1A /* UserProfileGetRequest.swift */; };
		E89920282F771E1E00530C1A /* UserProfilePutRequest.swift in Sources */ = {isa = PBXBuildFile; fileRef = E89920272F771E1E00530C1A /* UserProfilePutRequest.swift */; };
		E899202A2F771F6700530C1A /* LikeService.swift in Sources */ = {isa = PBXBuildFile; fileRef = E89920292F771F6700530C1A /* LikeService.swift */; };
		E899202C2F771FEB00530C1A /* LikesStorage.swift in Sources */ = {isa = PBXBuildFile; fileRef = E899202B2F771FEB00530C1A /* LikesStorage.swift */; };
		E8B42A142F746C280056FE41 /* TestView.swift in Sources */ = {isa = PBXBuildFile; fileRef = E8B42A132F746C280056FE41 /* TestView.swift */; };
		E8B42A162F747FB20056FE41 /* WebView.swift in Sources */ = {isa = PBXBuildFile; fileRef = E8B42A152F747FB20056FE41 /* WebView.swift */; };
		E8B42A182F748D8A0056FE41 /* WebViewContainer.swift in Sources */ = {isa = PBXBuildFile; fileRef = E8B42A172F748D8A0056FE41 /* WebViewContainer.swift */; };
		E8B42A1A2F75B5CB0056FE41 /* AllNftStorage.swift in Sources */ = {isa = PBXBuildFile; fileRef = E8B42A192F75B5CB0056FE41 /* AllNftStorage.swift */; };
		E8B42A1E2F75BAB90056FE41 /* NftOrderService.swift in Sources */ = {isa = PBXBuildFile; fileRef = E8B42A1D2F75BAB90056FE41 /* NftOrderService.swift */; };
		E8FB5E1D2F71C68D004E4A90 /* SortBy.swift in Sources */ = {isa = PBXBuildFile; fileRef = E8FB5E1C2F71C68D004E4A90 /* SortBy.swift */; };
		E8FB5E232F7304D7004E4A90 /* AllNftRequest.swift in Sources */ = {isa = PBXBuildFile; fileRef = E8FB5E222F7304D7004E4A90 /* AllNftRequest.swift */; };
		E8FB5E272F730817004E4A90 /* AllNftService.swift in Sources */ = {isa = PBXBuildFile; fileRef = E8FB5E262F730817004E4A90 /* AllNftService.swift */; };
		E8FB5E2C2F731D8A004E4A90 /* SelectionType.swift in Sources */ = {isa = PBXBuildFile; fileRef = E8FB5E2B2F731D8A004E4A90 /* SelectionType.swift */; };
/* End PBXBuildFile section */

/* Begin PBXContainerItemProxy section */
		ABC5E1792C31F5B0002B4068 /* PBXContainerItemProxy */ = {
			isa = PBXContainerItemProxy;
			containerPortal = ABC5E1602C31F5AF002B4068 /* Project object */;
			proxyType = 1;
			remoteGlobalIDString = ABC5E1672C31F5AF002B4068;
			remoteInfo = "iOS-FakeNFT-Extended";
		};
		ABC5E1832C31F5B0002B4068 /* PBXContainerItemProxy */ = {
			isa = PBXContainerItemProxy;
			containerPortal = ABC5E1602C31F5AF002B4068 /* Project object */;
			proxyType = 1;
			remoteGlobalIDString = ABC5E1672C31F5AF002B4068;
			remoteInfo = "iOS-FakeNFT-Extended";
		};
/* End PBXContainerItemProxy section */

/* Begin PBXFileReference section */
		940429992F6443EB0017EC08 /* CartView.swift */ = {isa = PBXFileReference; lastKnownFileType = sourcecode.swift; path = CartView.swift; sourceTree = "<group>"; };
		942DA98F2F72A7D300BCD0D2 /* UserAgreementView.swift */ = {isa = PBXFileReference; lastKnownFileType = sourcecode.swift; path = UserAgreementView.swift; sourceTree = "<group>"; };
		944DF0BB2F76C20E00DFE9A0 /* Coordinator.swift */ = {isa = PBXFileReference; lastKnownFileType = sourcecode.swift; path = Coordinator.swift; sourceTree = "<group>"; };
		94863E8E2F7A5F1E002D227F /* NftOrder.swift */ = {isa = PBXFileReference; lastKnownFileType = sourcecode.swift; path = NftOrder.swift; sourceTree = "<group>"; };
		94C3538D2F733421005DDBA1 /* PaymentResponse.swift */ = {isa = PBXFileReference; lastKnownFileType = sourcecode.swift; path = PaymentResponse.swift; sourceTree = "<group>"; };
		94C3538F2F733480005DDBA1 /* PaymentRequest.swift */ = {isa = PBXFileReference; lastKnownFileType = sourcecode.swift; path = PaymentRequest.swift; sourceTree = "<group>"; };
		94C353932F73A615005DDBA1 /* PaymentSuccessView.swift */ = {isa = PBXFileReference; lastKnownFileType = sourcecode.swift; path = PaymentSuccessView.swift; sourceTree = "<group>"; };
		94C353962F740762005DDBA1 /* CartViewModel+Extension.swift */ = {isa = PBXFileReference; lastKnownFileType = sourcecode.swift; path = "CartViewModel+Extension.swift"; sourceTree = "<group>"; };
		94C353982F740823005DDBA1 /* PaymentMethodViewModel+Extension.swift */ = {isa = PBXFileReference; lastKnownFileType = sourcecode.swift; path = "PaymentMethodViewModel+Extension.swift"; sourceTree = "<group>"; };
		94CDDC582F692C20003E255F /* NftCardItemCell.swift */ = {isa = PBXFileReference; lastKnownFileType = sourcecode.swift; path = NftCardItemCell.swift; sourceTree = "<group>"; };
		94CDDC5E2F697950003E255F /* NftCardDeleteCover.swift */ = {isa = PBXFileReference; lastKnownFileType = sourcecode.swift; path = NftCardDeleteCover.swift; sourceTree = "<group>"; };
		94CDDC602F69874E003E255F /* BackgroundBlurView.swift */ = {isa = PBXFileReference; lastKnownFileType = sourcecode.swift; path = BackgroundBlurView.swift; sourceTree = "<group>"; };
		94CDDC622F69DFD2003E255F /* CartEmptyView.swift */ = {isa = PBXFileReference; lastKnownFileType = sourcecode.swift; path = CartEmptyView.swift; sourceTree = "<group>"; };
		94D0C0FB2F6AA1F40031186B /* CartViewModel.swift */ = {isa = PBXFileReference; lastKnownFileType = sourcecode.swift; path = CartViewModel.swift; sourceTree = "<group>"; };
		94D0C1002F6AC7440031186B /* Router.swift */ = {isa = PBXFileReference; lastKnownFileType = sourcecode.swift; path = Router.swift; sourceTree = "<group>"; };
		94D0C1022F6AC7C80031186B /* RouteEndpoint.swift */ = {isa = PBXFileReference; lastKnownFileType = sourcecode.swift; path = RouteEndpoint.swift; sourceTree = "<group>"; };
		94D0C1052F6C17D60031186B /* NftGetOrderRequest.swift */ = {isa = PBXFileReference; lastKnownFileType = sourcecode.swift; path = NftGetOrderRequest.swift; sourceTree = "<group>"; };
		94D0C10A2F6C63B60031186B /* APIResponsesStatus.swift */ = {isa = PBXFileReference; lastKnownFileType = sourcecode.swift; path = APIResponsesStatus.swift; sourceTree = "<group>"; };
		94D0C1102F6D31DA0031186B /* NftCardImage.swift */ = {isa = PBXFileReference; lastKnownFileType = sourcecode.swift; path = NftCardImage.swift; sourceTree = "<group>"; };
		94D0C1132F6D701B0031186B /* NftPutOrderRequest.swift */ = {isa = PBXFileReference; lastKnownFileType = sourcecode.swift; path = NftPutOrderRequest.swift; sourceTree = "<group>"; };
		94D0C1172F7079AC0031186B /* NtfOrderStorage.swift */ = {isa = PBXFileReference; lastKnownFileType = sourcecode.swift; path = NtfOrderStorage.swift; sourceTree = "<group>"; };
		94D0C11A2F710D1C0031186B /* NftOrderPredicate.swift */ = {isa = PBXFileReference; lastKnownFileType = sourcecode.swift; path = NftOrderPredicate.swift; sourceTree = "<group>"; };
		94D0C11C2F7131220031186B /* PaymentMethodView.swift */ = {isa = PBXFileReference; lastKnownFileType = sourcecode.swift; path = PaymentMethodView.swift; sourceTree = "<group>"; };
		94D0C1202F7139760031186B /* NavigationBackButton.swift */ = {isa = PBXFileReference; lastKnownFileType = sourcecode.swift; path = NavigationBackButton.swift; sourceTree = "<group>"; };
		94D0C1222F71412E0031186B /* Currency.swift */ = {isa = PBXFileReference; lastKnownFileType = sourcecode.swift; path = Currency.swift; sourceTree = "<group>"; };
		94D0C1242F7143AB0031186B /* CurrencyGetRequest.swift */ = {isa = PBXFileReference; lastKnownFileType = sourcecode.swift; path = CurrencyGetRequest.swift; sourceTree = "<group>"; };
		94D0C1262F7144B40031186B /* CurrencyService.swift */ = {isa = PBXFileReference; lastKnownFileType = sourcecode.swift; path = CurrencyService.swift; sourceTree = "<group>"; };
		94D0C1282F7145840031186B /* CurrencyStorage.swift */ = {isa = PBXFileReference; lastKnownFileType = sourcecode.swift; path = CurrencyStorage.swift; sourceTree = "<group>"; };
		94D0C12A2F71479B0031186B /* PaymentMethodViewModel.swift */ = {isa = PBXFileReference; lastKnownFileType = sourcecode.swift; path = PaymentMethodViewModel.swift; sourceTree = "<group>"; };
		94D0C12D2F7156350031186B /* CurrencyItemCell.swift */ = {isa = PBXFileReference; lastKnownFileType = sourcecode.swift; path = CurrencyItemCell.swift; sourceTree = "<group>"; };
		94F63A222F717046008E57E7 /* ProgressCircle.swift */ = {isa = PBXFileReference; lastKnownFileType = sourcecode.swift; path = ProgressCircle.swift; sourceTree = "<group>"; };
		ABC5E1682C31F5AF002B4068 /* iOS-FakeNFT-Extended.app */ = {isa = PBXFileReference; explicitFileType = wrapper.application; includeInIndex = 0; path = "iOS-FakeNFT-Extended.app"; sourceTree = BUILT_PRODUCTS_DIR; };
		ABC5E16B2C31F5AF002B4068 /* iOS_FakeNFT_ExtendedApp.swift */ = {isa = PBXFileReference; lastKnownFileType = sourcecode.swift; path = iOS_FakeNFT_ExtendedApp.swift; sourceTree = "<group>"; };
		ABC5E16D2C31F5AF002B4068 /* ContentView.swift */ = {isa = PBXFileReference; lastKnownFileType = sourcecode.swift; path = ContentView.swift; sourceTree = "<group>"; };
		ABC5E16F2C31F5AF002B4068 /* Assets.xcassets */ = {isa = PBXFileReference; lastKnownFileType = folder.assetcatalog; path = Assets.xcassets; sourceTree = "<group>"; };
		ABC5E1722C31F5AF002B4068 /* Preview Assets.xcassets */ = {isa = PBXFileReference; lastKnownFileType = folder.assetcatalog; path = "Preview Assets.xcassets"; sourceTree = "<group>"; };
		ABC5E1782C31F5B0002B4068 /* iOS-FakeNFT-ExtendedTests.xctest */ = {isa = PBXFileReference; explicitFileType = wrapper.cfbundle; includeInIndex = 0; path = "iOS-FakeNFT-ExtendedTests.xctest"; sourceTree = BUILT_PRODUCTS_DIR; };
		ABC5E17C2C31F5B0002B4068 /* iOS_FakeNFT_ExtendedTests.swift */ = {isa = PBXFileReference; lastKnownFileType = sourcecode.swift; path = iOS_FakeNFT_ExtendedTests.swift; sourceTree = "<group>"; };
		ABC5E1822C31F5B0002B4068 /* iOS-FakeNFT-ExtendedUITests.xctest */ = {isa = PBXFileReference; explicitFileType = wrapper.cfbundle; includeInIndex = 0; path = "iOS-FakeNFT-ExtendedUITests.xctest"; sourceTree = BUILT_PRODUCTS_DIR; };
		ABC5E1862C31F5B0002B4068 /* iOS_FakeNFT_ExtendedUITests.swift */ = {isa = PBXFileReference; lastKnownFileType = sourcecode.swift; path = iOS_FakeNFT_ExtendedUITests.swift; sourceTree = "<group>"; };
		ABC5E1962C31F656002B4068 /* Colors.swift */ = {isa = PBXFileReference; lastKnownFileType = sourcecode.swift; path = Colors.swift; sourceTree = "<group>"; };
		ABC5E1982C31F666002B4068 /* Fonts.swift */ = {isa = PBXFileReference; lastKnownFileType = sourcecode.swift; path = Fonts.swift; sourceTree = "<group>"; };
		ABC5E19C2C31F6A6002B4068 /* NftStorage.swift */ = {isa = PBXFileReference; lastKnownFileType = sourcecode.swift; path = NftStorage.swift; sourceTree = "<group>"; };
		ABC5E1A02C31F6D7002B4068 /* Nft.swift */ = {isa = PBXFileReference; lastKnownFileType = sourcecode.swift; path = Nft.swift; sourceTree = "<group>"; };
		ABC5E1A32C31F800002B4068 /* NetworkClient.swift */ = {isa = PBXFileReference; lastKnownFileType = sourcecode.swift; path = NetworkClient.swift; sourceTree = "<group>"; };
		ABC5E1A52C31F815002B4068 /* NetworkRequest.swift */ = {isa = PBXFileReference; lastKnownFileType = sourcecode.swift; path = NetworkRequest.swift; sourceTree = "<group>"; };
		ABC5E1A72C31FA90002B4068 /* DateFormatters+Presets.swift */ = {isa = PBXFileReference; lastKnownFileType = sourcecode.swift; path = "DateFormatters+Presets.swift"; sourceTree = "<group>"; };
		ABC5E1AA2C31FACD002B4068 /* NftService.swift */ = {isa = PBXFileReference; lastKnownFileType = sourcecode.swift; path = NftService.swift; sourceTree = "<group>"; };
		ABC5E1AD2C31FB7F002B4068 /* NftByIdRequest.swift */ = {isa = PBXFileReference; lastKnownFileType = sourcecode.swift; path = NftByIdRequest.swift; sourceTree = "<group>"; };
		ABC5E1AF2C31FB90002B4068 /* RequestConstants.swift */ = {isa = PBXFileReference; lastKnownFileType = sourcecode.swift; path = RequestConstants.swift; sourceTree = "<group>"; };
		ABC5E1B12C31FBD4002B4068 /* ExampleRequest.swift */ = {isa = PBXFileReference; lastKnownFileType = sourcecode.swift; path = ExampleRequest.swift; sourceTree = "<group>"; };
		ABC5E1B42C31FC57002B4068 /* TabBarView.swift */ = {isa = PBXFileReference; lastKnownFileType = sourcecode.swift; path = TabBarView.swift; sourceTree = "<group>"; };
		ABC5E1B62C31FC70002B4068 /* ServicesAssembly.swift */ = {isa = PBXFileReference; lastKnownFileType = sourcecode.swift; path = ServicesAssembly.swift; sourceTree = "<group>"; };
		ABC5E1B82C31FD51002B4068 /* TestCatalogView.swift */ = {isa = PBXFileReference; lastKnownFileType = sourcecode.swift; path = TestCatalogView.swift; sourceTree = "<group>"; };
		ABC5E1CA2C3203FC002B4068 /* NftDetailCellModel.swift */ = {isa = PBXFileReference; lastKnownFileType = sourcecode.swift; path = NftDetailCellModel.swift; sourceTree = "<group>"; };
		ABC5E1CC2C32040C002B4068 /* NftImageCollectionViewCell.swift */ = {isa = PBXFileReference; lastKnownFileType = sourcecode.swift; path = NftImageCollectionViewCell.swift; sourceTree = "<group>"; };
		ABC5E1CE2C32041D002B4068 /* NftDetailViewController.swift */ = {isa = PBXFileReference; lastKnownFileType = sourcecode.swift; path = NftDetailViewController.swift; sourceTree = "<group>"; };
		ABC5E1D02C32042C002B4068 /* NftDetailPresenter.swift */ = {isa = PBXFileReference; lastKnownFileType = sourcecode.swift; path = NftDetailPresenter.swift; sourceTree = "<group>"; };
		ABC5E1D22C320438002B4068 /* NftDetailAssembly.swift */ = {isa = PBXFileReference; lastKnownFileType = sourcecode.swift; path = NftDetailAssembly.swift; sourceTree = "<group>"; };
		ABC5E1D42C320446002B4068 /* NftDetailInput.swift */ = {isa = PBXFileReference; lastKnownFileType = sourcecode.swift; path = NftDetailInput.swift; sourceTree = "<group>"; };
		ABC5E1DA2C3204CE002B4068 /* UIView+Constraints.swift */ = {isa = PBXFileReference; lastKnownFileType = sourcecode.swift; path = "UIView+Constraints.swift"; sourceTree = "<group>"; };
		ABC5E1DC2C3204DC002B4068 /* CellsReusingUtils.swift */ = {isa = PBXFileReference; lastKnownFileType = sourcecode.swift; path = CellsReusingUtils.swift; sourceTree = "<group>"; };
		ABC5E1DE2C3204FB002B4068 /* LoadingView.swift */ = {isa = PBXFileReference; lastKnownFileType = sourcecode.swift; path = LoadingView.swift; sourceTree = "<group>"; };
		ABC5E1E32C32055B002B4068 /* ErrorView.swift */ = {isa = PBXFileReference; lastKnownFileType = sourcecode.swift; path = ErrorView.swift; sourceTree = "<group>"; };
		ABC5E1E52C320585002B4068 /* LinePageControl.swift */ = {isa = PBXFileReference; lastKnownFileType = sourcecode.swift; path = LinePageControl.swift; sourceTree = "<group>"; };
		ABC5E1E72C320610002B4068 /* NftDetailBridgeView.swift */ = {isa = PBXFileReference; lastKnownFileType = sourcecode.swift; path = NftDetailBridgeView.swift; sourceTree = "<group>"; };
		ABC5E1EA2C32084F002B4068 /* en */ = {isa = PBXFileReference; lastKnownFileType = text.plist.strings; name = en; path = en.lproj/Localizable.strings; sourceTree = "<group>"; };
		E88EE3592F60A0B000AC1D82 /* CatalogueListRowView.swift */ = {isa = PBXFileReference; lastKnownFileType = sourcecode.swift; path = CatalogueListRowView.swift; sourceTree = "<group>"; };
		E88EE3612F61EAB100AC1D82 /* CatalogueView.swift */ = {isa = PBXFileReference; lastKnownFileType = sourcecode.swift; path = CatalogueView.swift; sourceTree = "<group>"; };
		E88EE3692F633D7500AC1D82 /* CollectionRowView.swift */ = {isa = PBXFileReference; lastKnownFileType = sourcecode.swift; path = CollectionRowView.swift; sourceTree = "<group>"; };
		E88EE36B2F69EFCD00AC1D82 /* KFImageView.swift */ = {isa = PBXFileReference; lastKnownFileType = sourcecode.swift; path = KFImageView.swift; sourceTree = "<group>"; };
		E88EE36D2F69FAB700AC1D82 /* CollectionNFTView.swift */ = {isa = PBXFileReference; lastKnownFileType = sourcecode.swift; path = CollectionNFTView.swift; sourceTree = "<group>"; };
		E88EE3702F6B229400AC1D82 /* NFTCellModel.swift */ = {isa = PBXFileReference; lastKnownFileType = sourcecode.swift; path = NFTCellModel.swift; sourceTree = "<group>"; };
		E88EE3722F6B3AAC00AC1D82 /* CollectionModel.swift */ = {isa = PBXFileReference; lastKnownFileType = sourcecode.swift; path = CollectionModel.swift; sourceTree = "<group>"; };
		E88EE3752F6C706900AC1D82 /* CatalogueViewModel.swift */ = {isa = PBXFileReference; lastKnownFileType = sourcecode.swift; path = CatalogueViewModel.swift; sourceTree = "<group>"; };
		E88EE37A2F6C7CBF00AC1D82 /* CollectionNFTViewModel.swift */ = {isa = PBXFileReference; lastKnownFileType = sourcecode.swift; path = CollectionNFTViewModel.swift; sourceTree = "<group>"; };
		E88EE3822F6EB47200AC1D82 /* CollectionsStorage.swift */ = {isa = PBXFileReference; lastKnownFileType = sourcecode.swift; path = CollectionsStorage.swift; sourceTree = "<group>"; };
		E88EE3842F6EB8F100AC1D82 /* CollectionsRequest.swift */ = {isa = PBXFileReference; lastKnownFileType = sourcecode.swift; path = CollectionsRequest.swift; sourceTree = "<group>"; };
		E88EE3862F6EDA4D00AC1D82 /* CollectionsServise.swift */ = {isa = PBXFileReference; lastKnownFileType = sourcecode.swift; path = CollectionsServise.swift; sourceTree = "<group>"; };
		E899201F2F770F5B00530C1A /* UserProfile.swift */ = {isa = PBXFileReference; lastKnownFileType = sourcecode.swift; path = UserProfile.swift; sourceTree = "<group>"; };
		E89920212F7711F900530C1A /* UserProfileStorage.swift */ = {isa = PBXFileReference; lastKnownFileType = sourcecode.swift; path = UserProfileStorage.swift; sourceTree = "<group>"; };
		E89920252F771B4100530C1A /* UserProfileGetRequest.swift */ = {isa = PBXFileReference; lastKnownFileType = sourcecode.swift; path = UserProfileGetRequest.swift; sourceTree = "<group>"; };
		E89920272F771E1E00530C1A /* UserProfilePutRequest.swift */ = {isa = PBXFileReference; lastKnownFileType = sourcecode.swift; path = UserProfilePutRequest.swift; sourceTree = "<group>"; };
		E89920292F771F6700530C1A /* LikeService.swift */ = {isa = PBXFileReference; lastKnownFileType = sourcecode.swift; path = LikeService.swift; sourceTree = "<group>"; };
		E899202B2F771FEB00530C1A /* LikesStorage.swift */ = {isa = PBXFileReference; lastKnownFileType = sourcecode.swift; path = LikesStorage.swift; sourceTree = "<group>"; };
		E8B42A132F746C280056FE41 /* TestView.swift */ = {isa = PBXFileReference; lastKnownFileType = sourcecode.swift; path = TestView.swift; sourceTree = "<group>"; };
		E8B42A152F747FB20056FE41 /* WebView.swift */ = {isa = PBXFileReference; lastKnownFileType = sourcecode.swift; path = WebView.swift; sourceTree = "<group>"; };
		E8B42A172F748D8A0056FE41 /* WebViewContainer.swift */ = {isa = PBXFileReference; lastKnownFileType = sourcecode.swift; path = WebViewContainer.swift; sourceTree = "<group>"; };
		E8B42A192F75B5CB0056FE41 /* AllNftStorage.swift */ = {isa = PBXFileReference; lastKnownFileType = sourcecode.swift; path = AllNftStorage.swift; sourceTree = "<group>"; };
		E8B42A1D2F75BAB90056FE41 /* NftOrderService.swift */ = {isa = PBXFileReference; lastKnownFileType = sourcecode.swift; path = NftOrderService.swift; sourceTree = "<group>"; };
		E8FB5E1C2F71C68D004E4A90 /* SortBy.swift */ = {isa = PBXFileReference; lastKnownFileType = sourcecode.swift; path = SortBy.swift; sourceTree = "<group>"; };
		E8FB5E222F7304D7004E4A90 /* AllNftRequest.swift */ = {isa = PBXFileReference; lastKnownFileType = sourcecode.swift; path = AllNftRequest.swift; sourceTree = "<group>"; };
		E8FB5E262F730817004E4A90 /* AllNftService.swift */ = {isa = PBXFileReference; lastKnownFileType = sourcecode.swift; path = AllNftService.swift; sourceTree = "<group>"; };
		E8FB5E2B2F731D8A004E4A90 /* SelectionType.swift */ = {isa = PBXFileReference; lastKnownFileType = sourcecode.swift; path = SelectionType.swift; sourceTree = "<group>"; };
/* End PBXFileReference section */

/* Begin PBXFrameworksBuildPhase section */
		ABC5E1652C31F5AF002B4068 /* Frameworks */ = {
			isa = PBXFrameworksBuildPhase;
			buildActionMask = 2147483647;
			files = (
				ABC5E1D82C3204A9002B4068 /* Kingfisher in Frameworks */,
				ABC5E1E22C320535002B4068 /* ProgressHUD in Frameworks */,
			);
			runOnlyForDeploymentPostprocessing = 0;
		};
		ABC5E1752C31F5B0002B4068 /* Frameworks */ = {
			isa = PBXFrameworksBuildPhase;
			buildActionMask = 2147483647;
			files = (
			);
			runOnlyForDeploymentPostprocessing = 0;
		};
		ABC5E17F2C31F5B0002B4068 /* Frameworks */ = {
			isa = PBXFrameworksBuildPhase;
			buildActionMask = 2147483647;
			files = (
			);
			runOnlyForDeploymentPostprocessing = 0;
		};
/* End PBXFrameworksBuildPhase section */

/* Begin PBXGroup section */
		940429982F6443C90017EC08 /* Cart */ = {
			isa = PBXGroup;
			children = (
				94C353962F740762005DDBA1 /* CartViewModel+Extension.swift */,
				94D0C0FB2F6AA1F40031186B /* CartViewModel.swift */,
				940429992F6443EB0017EC08 /* CartView.swift */,
				94CDDC622F69DFD2003E255F /* CartEmptyView.swift */,
			);
			path = Cart;
			sourceTree = "<group>";
		};
		942DA98E2F72A78900BCD0D2 /* User */ = {
			isa = PBXGroup;
			children = (
				942DA98F2F72A7D300BCD0D2 /* UserAgreementView.swift */,
			);
			path = User;
			sourceTree = "<group>";
		};
		94CDDC5D2F6977DA003E255F /* NftCard */ = {
			isa = PBXGroup;
			children = (
				94CDDC582F692C20003E255F /* NftCardItemCell.swift */,
				94CDDC5E2F697950003E255F /* NftCardDeleteCover.swift */,
				94D0C1102F6D31DA0031186B /* NftCardImage.swift */,
			);
			path = NftCard;
			sourceTree = "<group>";
		};
		94D0C0FF2F6AC7100031186B /* Router */ = {
			isa = PBXGroup;
			children = (
				94D0C1022F6AC7C80031186B /* RouteEndpoint.swift */,
				94D0C1002F6AC7440031186B /* Router.swift */,
			);
			path = Router;
			sourceTree = "<group>";
		};
		94D0C1042F6AC9580031186B /* Payment */ = {
			isa = PBXGroup;
			children = (
				94C353982F740823005DDBA1 /* PaymentMethodViewModel+Extension.swift */,
				94D0C12A2F71479B0031186B /* PaymentMethodViewModel.swift */,
				94D0C11C2F7131220031186B /* PaymentMethodView.swift */,
				94C353932F73A615005DDBA1 /* PaymentSuccessView.swift */,
			);
			path = Payment;
			sourceTree = "<group>";
		};
		94D0C1192F7109320031186B /* Helpers */ = {
			isa = PBXGroup;
			children = (
				944DF0BB2F76C20E00DFE9A0 /* Coordinator.swift */,
				94D0C11A2F710D1C0031186B /* NftOrderPredicate.swift */,
			);
			path = Helpers;
			sourceTree = "<group>";
		};
		94D0C11F2F71392B0031186B /* Navigation */ = {
			isa = PBXGroup;
			children = (
				94D0C1202F7139760031186B /* NavigationBackButton.swift */,
			);
			path = Navigation;
			sourceTree = "<group>";
		};
		94D0C12C2F7155CD0031186B /* Currency */ = {
			isa = PBXGroup;
			children = (
				94D0C12D2F7156350031186B /* CurrencyItemCell.swift */,
			);
			path = Currency;
			sourceTree = "<group>";
		};
		94F63A212F716FAE008E57E7 /* Progress */ = {
			isa = PBXGroup;
			children = (
				94F63A222F717046008E57E7 /* ProgressCircle.swift */,
			);
			path = Progress;
			sourceTree = "<group>";
		};
		ABC5E15F2C31F5AF002B4068 = {
			isa = PBXGroup;
			children = (
				ABC5E16A2C31F5AF002B4068 /* iOS-FakeNFT-Extended */,
				ABC5E17B2C31F5B0002B4068 /* iOS-FakeNFT-ExtendedTests */,
				ABC5E1852C31F5B0002B4068 /* iOS-FakeNFT-ExtendedUITests */,
				ABC5E1692C31F5AF002B4068 /* Products */,
			);
			sourceTree = "<group>";
		};
		ABC5E1692C31F5AF002B4068 /* Products */ = {
			isa = PBXGroup;
			children = (
				ABC5E1682C31F5AF002B4068 /* iOS-FakeNFT-Extended.app */,
				ABC5E1782C31F5B0002B4068 /* iOS-FakeNFT-ExtendedTests.xctest */,
				ABC5E1822C31F5B0002B4068 /* iOS-FakeNFT-ExtendedUITests.xctest */,
			);
			name = Products;
			sourceTree = "<group>";
		};
		ABC5E16A2C31F5AF002B4068 /* iOS-FakeNFT-Extended */ = {
			isa = PBXGroup;
			children = (
				ABC5E16B2C31F5AF002B4068 /* iOS_FakeNFT_ExtendedApp.swift */,
				ABC5E1E92C32084F002B4068 /* Localizable.strings */,
				ABC5E1952C31F64A002B4068 /* DesignSystem */,
				ABC5E19A2C31F687002B4068 /* Foundation */,
				ABC5E19E2C31F6C1002B4068 /* Models */,
				ABC5E1A92C31FABA002B4068 /* Services */,
				ABC5E1B32C31FC03002B4068 /* UI */,
				ABC5E16F2C31F5AF002B4068 /* Assets.xcassets */,
				ABC5E1712C31F5AF002B4068 /* Preview Content */,
			);
			path = "iOS-FakeNFT-Extended";
			sourceTree = "<group>";
		};
		ABC5E1712C31F5AF002B4068 /* Preview Content */ = {
			isa = PBXGroup;
			children = (
				ABC5E1722C31F5AF002B4068 /* Preview Assets.xcassets */,
			);
			path = "Preview Content";
			sourceTree = "<group>";
		};
		ABC5E17B2C31F5B0002B4068 /* iOS-FakeNFT-ExtendedTests */ = {
			isa = PBXGroup;
			children = (
				ABC5E17C2C31F5B0002B4068 /* iOS_FakeNFT_ExtendedTests.swift */,
			);
			path = "iOS-FakeNFT-ExtendedTests";
			sourceTree = "<group>";
		};
		ABC5E1852C31F5B0002B4068 /* iOS-FakeNFT-ExtendedUITests */ = {
			isa = PBXGroup;
			children = (
				ABC5E1862C31F5B0002B4068 /* iOS_FakeNFT_ExtendedUITests.swift */,
			);
			path = "iOS-FakeNFT-ExtendedUITests";
			sourceTree = "<group>";
		};
		ABC5E1952C31F64A002B4068 /* DesignSystem */ = {
			isa = PBXGroup;
			children = (
				94CDDC602F69874E003E255F /* BackgroundBlurView.swift */,
				ABC5E1962C31F656002B4068 /* Colors.swift */,
				ABC5E1982C31F666002B4068 /* Fonts.swift */,
			);
			path = DesignSystem;
			sourceTree = "<group>";
		};
		ABC5E19A2C31F687002B4068 /* Foundation */ = {
			isa = PBXGroup;
			children = (
				ABC5E19B2C31F69C002B4068 /* MemoryStorage */,
				ABC5E1A22C31F7E8002B4068 /* NetworkClient */,
				ABC5E1A72C31FA90002B4068 /* DateFormatters+Presets.swift */,
			);
			path = Foundation;
			sourceTree = "<group>";
		};
		ABC5E19B2C31F69C002B4068 /* MemoryStorage */ = {
			isa = PBXGroup;
			children = (
				94D0C1282F7145840031186B /* CurrencyStorage.swift */,
				ABC5E19C2C31F6A6002B4068 /* NftStorage.swift */,
				E8B42A192F75B5CB0056FE41 /* AllNftStorage.swift */,
				E89920212F7711F900530C1A /* UserProfileStorage.swift */,
				E899202B2F771FEB00530C1A /* LikesStorage.swift */,
				E88EE3822F6EB47200AC1D82 /* CollectionsStorage.swift */,
				94D0C1172F7079AC0031186B /* NtfOrderStorage.swift */,
			);
			path = MemoryStorage;
			sourceTree = "<group>";
		};
		ABC5E19E2C31F6C1002B4068 /* Models */ = {
			isa = PBXGroup;
			children = (
				E88EE36F2F6B20D700AC1D82 /* Catalogue */,
				94D0C1192F7109320031186B /* Helpers */,
				94D0C0FF2F6AC7100031186B /* Router */,
				ABC5E19F2C31F6CB002B4068 /* Network */,
			);
			path = Models;
			sourceTree = "<group>";
		};
		ABC5E19F2C31F6CB002B4068 /* Network */ = {
			isa = PBXGroup;
			children = (
				94863E8E2F7A5F1E002D227F /* NftOrder.swift */,
				94C3538D2F733421005DDBA1 /* PaymentResponse.swift */,
				94D0C1222F71412E0031186B /* Currency.swift */,
				ABC5E1A02C31F6D7002B4068 /* Nft.swift */,
			);
			path = Network;
			sourceTree = "<group>";
		};
		ABC5E1A22C31F7E8002B4068 /* NetworkClient */ = {
			isa = PBXGroup;
			children = (
				ABC5E1A32C31F800002B4068 /* NetworkClient.swift */,
				ABC5E1A52C31F815002B4068 /* NetworkRequest.swift */,
			);
			path = NetworkClient;
			sourceTree = "<group>";
		};
		ABC5E1A92C31FABA002B4068 /* Services */ = {
			isa = PBXGroup;
			children = (
				ABC5E1AC2C31FB6C002B4068 /* Requests */,
				ABC5E1AA2C31FACD002B4068 /* NftService.swift */,
				E8FB5E262F730817004E4A90 /* AllNftService.swift */,
				E8B42A1D2F75BAB90056FE41 /* NftOrderService.swift */,
				E89920292F771F6700530C1A /* LikeService.swift */,
				E88EE3862F6EDA4D00AC1D82 /* CollectionsServise.swift */,
				ABC5E1B62C31FC70002B4068 /* ServicesAssembly.swift */,
				94D0C1262F7144B40031186B /* CurrencyService.swift */,
				94D0C10A2F6C63B60031186B /* APIResponsesStatus.swift */,
			);
			path = Services;
			sourceTree = "<group>";
		};
		ABC5E1AC2C31FB6C002B4068 /* Requests */ = {
			isa = PBXGroup;
			children = (
				94C3538F2F733480005DDBA1 /* PaymentRequest.swift */,
				94D0C1242F7143AB0031186B /* CurrencyGetRequest.swift */,
				ABC5E1B12C31FBD4002B4068 /* ExampleRequest.swift */,
				ABC5E1AD2C31FB7F002B4068 /* NftByIdRequest.swift */,
				E88EE3842F6EB8F100AC1D82 /* CollectionsRequest.swift */,
				E8FB5E222F7304D7004E4A90 /* AllNftRequest.swift */,
				E89920252F771B4100530C1A /* UserProfileGetRequest.swift */,
				E89920272F771E1E00530C1A /* UserProfilePutRequest.swift */,
				94D0C1052F6C17D60031186B /* NftGetOrderRequest.swift */,
				94D0C1132F6D701B0031186B /* NftPutOrderRequest.swift */,
				ABC5E1AF2C31FB90002B4068 /* RequestConstants.swift */,
			);
			path = Requests;
			sourceTree = "<group>";
		};
		ABC5E1B32C31FC03002B4068 /* UI */ = {
			isa = PBXGroup;
			children = (
				E88EE3582F60A03B00AC1D82 /* Catalogue */,
				942DA98E2F72A78900BCD0D2 /* User */,
				94F63A212F716FAE008E57E7 /* Progress */,
				94D0C12C2F7155CD0031186B /* Currency */,
				94D0C11F2F71392B0031186B /* Navigation */,
				94D0C1042F6AC9580031186B /* Payment */,
				94CDDC5D2F6977DA003E255F /* NftCard */,
				940429982F6443C90017EC08 /* Cart */,
				ABC5E16D2C31F5AF002B4068 /* ContentView.swift */,
				ABC5E1B42C31FC57002B4068 /* TabBarView.swift */,
				E8B42A132F746C280056FE41 /* TestView.swift */,
				ABC5E1B82C31FD51002B4068 /* TestCatalogView.swift */,
				ABC5E1E72C320610002B4068 /* NftDetailBridgeView.swift */,
				ABC5E1C82C3203E9002B4068 /* NftDetails */,
			);
			path = UI;
			sourceTree = "<group>";
		};
		ABC5E1C82C3203E9002B4068 /* NftDetails */ = {
			isa = PBXGroup;
			children = (
				ABC5E1D92C3204C7002B4068 /* Common */,
				ABC5E1C92C3203F2002B4068 /* Cell */,
				ABC5E1CE2C32041D002B4068 /* NftDetailViewController.swift */,
				ABC5E1D02C32042C002B4068 /* NftDetailPresenter.swift */,
				ABC5E1D22C320438002B4068 /* NftDetailAssembly.swift */,
				ABC5E1D42C320446002B4068 /* NftDetailInput.swift */,
			);
			path = NftDetails;
			sourceTree = "<group>";
		};
		ABC5E1C92C3203F2002B4068 /* Cell */ = {
			isa = PBXGroup;
			children = (
				ABC5E1CA2C3203FC002B4068 /* NftDetailCellModel.swift */,
				ABC5E1CC2C32040C002B4068 /* NftImageCollectionViewCell.swift */,
			);
			path = Cell;
			sourceTree = "<group>";
		};
		ABC5E1D92C3204C7002B4068 /* Common */ = {
			isa = PBXGroup;
			children = (
				ABC5E1DA2C3204CE002B4068 /* UIView+Constraints.swift */,
				ABC5E1DC2C3204DC002B4068 /* CellsReusingUtils.swift */,
				ABC5E1DE2C3204FB002B4068 /* LoadingView.swift */,
				ABC5E1E32C32055B002B4068 /* ErrorView.swift */,
				ABC5E1E52C320585002B4068 /* LinePageControl.swift */,
			);
			path = Common;
			sourceTree = "<group>";
		};
		E88EE3582F60A03B00AC1D82 /* Catalogue */ = {
			isa = PBXGroup;
			children = (
				E88EE3742F6C704800AC1D82 /* ViewModels */,
				E88EE3592F60A0B000AC1D82 /* CatalogueListRowView.swift */,
				E88EE36B2F69EFCD00AC1D82 /* KFImageView.swift */,
				E8B42A152F747FB20056FE41 /* WebView.swift */,
				E8B42A172F748D8A0056FE41 /* WebViewContainer.swift */,
				E88EE3692F633D7500AC1D82 /* CollectionRowView.swift */,
				E88EE3612F61EAB100AC1D82 /* CatalogueView.swift */,
				E88EE36D2F69FAB700AC1D82 /* CollectionNFTView.swift */,
			);
			path = Catalogue;
			sourceTree = "<group>";
		};
		E88EE36F2F6B20D700AC1D82 /* Catalogue */ = {
			isa = PBXGroup;
			children = (
				E88EE3702F6B229400AC1D82 /* NFTCellModel.swift */,
				E8FB5E1C2F71C68D004E4A90 /* SortBy.swift */,
				E88EE3722F6B3AAC00AC1D82 /* CollectionModel.swift */,
				E8FB5E2B2F731D8A004E4A90 /* SelectionType.swift */,
				E899201F2F770F5B00530C1A /* UserProfile.swift */,
			);
			path = Catalogue;
			sourceTree = "<group>";
		};
		E88EE3742F6C704800AC1D82 /* ViewModels */ = {
			isa = PBXGroup;
			children = (
				E88EE3752F6C706900AC1D82 /* CatalogueViewModel.swift */,
				E88EE37A2F6C7CBF00AC1D82 /* CollectionNFTViewModel.swift */,
			);
			path = ViewModels;
			sourceTree = "<group>";
		};
/* End PBXGroup section */

/* Begin PBXNativeTarget section */
		ABC5E1672C31F5AF002B4068 /* iOS-FakeNFT-Extended */ = {
			isa = PBXNativeTarget;
			buildConfigurationList = ABC5E18C2C31F5B0002B4068 /* Build configuration list for PBXNativeTarget "iOS-FakeNFT-Extended" */;
			buildPhases = (
				ABC5E1642C31F5AF002B4068 /* Sources */,
				ABC5E1652C31F5AF002B4068 /* Frameworks */,
				ABC5E1662C31F5AF002B4068 /* Resources */,
			);
			buildRules = (
			);
			dependencies = (
			);
			name = "iOS-FakeNFT-Extended";
			packageProductDependencies = (
				ABC5E1D72C3204A9002B4068 /* Kingfisher */,
				ABC5E1E12C320535002B4068 /* ProgressHUD */,
			);
			productName = "iOS-FakeNFT-Extended";
			productReference = ABC5E1682C31F5AF002B4068 /* iOS-FakeNFT-Extended.app */;
			productType = "com.apple.product-type.application";
		};
		ABC5E1772C31F5B0002B4068 /* iOS-FakeNFT-ExtendedTests */ = {
			isa = PBXNativeTarget;
			buildConfigurationList = ABC5E18F2C31F5B0002B4068 /* Build configuration list for PBXNativeTarget "iOS-FakeNFT-ExtendedTests" */;
			buildPhases = (
				ABC5E1742C31F5B0002B4068 /* Sources */,
				ABC5E1752C31F5B0002B4068 /* Frameworks */,
				ABC5E1762C31F5B0002B4068 /* Resources */,
			);
			buildRules = (
			);
			dependencies = (
				ABC5E17A2C31F5B0002B4068 /* PBXTargetDependency */,
			);
			name = "iOS-FakeNFT-ExtendedTests";
			productName = "iOS-FakeNFT-ExtendedTests";
			productReference = ABC5E1782C31F5B0002B4068 /* iOS-FakeNFT-ExtendedTests.xctest */;
			productType = "com.apple.product-type.bundle.unit-test";
		};
		ABC5E1812C31F5B0002B4068 /* iOS-FakeNFT-ExtendedUITests */ = {
			isa = PBXNativeTarget;
			buildConfigurationList = ABC5E1922C31F5B0002B4068 /* Build configuration list for PBXNativeTarget "iOS-FakeNFT-ExtendedUITests" */;
			buildPhases = (
				ABC5E17E2C31F5B0002B4068 /* Sources */,
				ABC5E17F2C31F5B0002B4068 /* Frameworks */,
				ABC5E1802C31F5B0002B4068 /* Resources */,
			);
			buildRules = (
			);
			dependencies = (
				ABC5E1842C31F5B0002B4068 /* PBXTargetDependency */,
			);
			name = "iOS-FakeNFT-ExtendedUITests";
			productName = "iOS-FakeNFT-ExtendedUITests";
			productReference = ABC5E1822C31F5B0002B4068 /* iOS-FakeNFT-ExtendedUITests.xctest */;
			productType = "com.apple.product-type.bundle.ui-testing";
		};
/* End PBXNativeTarget section */

/* Begin PBXProject section */
		ABC5E1602C31F5AF002B4068 /* Project object */ = {
			isa = PBXProject;
			attributes = {
				BuildIndependentTargetsInParallel = 1;
				LastSwiftUpdateCheck = 1530;
				LastUpgradeCheck = 1620;
				TargetAttributes = {
					ABC5E1672C31F5AF002B4068 = {
						CreatedOnToolsVersion = 15.3;
					};
					ABC5E1772C31F5B0002B4068 = {
						CreatedOnToolsVersion = 15.3;
						TestTargetID = ABC5E1672C31F5AF002B4068;
					};
					ABC5E1812C31F5B0002B4068 = {
						CreatedOnToolsVersion = 15.3;
						TestTargetID = ABC5E1672C31F5AF002B4068;
					};
				};
			};
			buildConfigurationList = ABC5E1632C31F5AF002B4068 /* Build configuration list for PBXProject "iOS-FakeNFT-Extended" */;
			compatibilityVersion = "Xcode 14.0";
			developmentRegion = en;
			hasScannedForEncodings = 0;
			knownRegions = (
				en,
				Base,
			);
			mainGroup = ABC5E15F2C31F5AF002B4068;
			packageReferences = (
				ABC5E1D62C3204A9002B4068 /* XCRemoteSwiftPackageReference "Kingfisher" */,
				ABC5E1E02C320535002B4068 /* XCRemoteSwiftPackageReference "ProgressHUD" */,
			);
			productRefGroup = ABC5E1692C31F5AF002B4068 /* Products */;
			projectDirPath = "";
			projectRoot = "";
			targets = (
				ABC5E1672C31F5AF002B4068 /* iOS-FakeNFT-Extended */,
				ABC5E1772C31F5B0002B4068 /* iOS-FakeNFT-ExtendedTests */,
				ABC5E1812C31F5B0002B4068 /* iOS-FakeNFT-ExtendedUITests */,
			);
		};
/* End PBXProject section */

/* Begin PBXResourcesBuildPhase section */
		ABC5E1662C31F5AF002B4068 /* Resources */ = {
			isa = PBXResourcesBuildPhase;
			buildActionMask = 2147483647;
			files = (
				ABC5E1732C31F5AF002B4068 /* Preview Assets.xcassets in Resources */,
				ABC5E1EB2C32084F002B4068 /* Localizable.strings in Resources */,
				ABC5E1702C31F5AF002B4068 /* Assets.xcassets in Resources */,
			);
			runOnlyForDeploymentPostprocessing = 0;
		};
		ABC5E1762C31F5B0002B4068 /* Resources */ = {
			isa = PBXResourcesBuildPhase;
			buildActionMask = 2147483647;
			files = (
			);
			runOnlyForDeploymentPostprocessing = 0;
		};
		ABC5E1802C31F5B0002B4068 /* Resources */ = {
			isa = PBXResourcesBuildPhase;
			buildActionMask = 2147483647;
			files = (
			);
			runOnlyForDeploymentPostprocessing = 0;
		};
/* End PBXResourcesBuildPhase section */

/* Begin PBXSourcesBuildPhase section */
		ABC5E1642C31F5AF002B4068 /* Sources */ = {
			isa = PBXSourcesBuildPhase;
			buildActionMask = 2147483647;
			files = (
				94C3569A2F7A5B850008FB6B /* LoadingView.swift in Sources */,
				94C356992F7A59CF0008FB6B /* NftPutOrderRequest.swift in Sources */,
				94C356982F7A59B80008FB6B /* NftGetOrderRequest.swift in Sources */,
				94D0C1212F7139760031186B /* NavigationBackButton.swift in Sources */,
				ABC5E1992C31F666002B4068 /* Fonts.swift in Sources */,
				E89920262F771B4100530C1A /* UserProfileGetRequest.swift in Sources */,
				E8FB5E2C2F731D8A004E4A90 /* SelectionType.swift in Sources */,
				ABC5E1CF2C32041D002B4068 /* NftDetailViewController.swift in Sources */,
				E88EE3622F61EAB100AC1D82 /* CatalogueView.swift in Sources */,
				ABC5E1B72C31FC70002B4068 /* ServicesAssembly.swift in Sources */,
				ABC5E19D2C31F6A6002B4068 /* NftStorage.swift in Sources */,
				ABC5E1E82C320610002B4068 /* NftDetailBridgeView.swift in Sources */,
				E8FB5E1D2F71C68D004E4A90 /* SortBy.swift in Sources */,
				E89920202F770F5B00530C1A /* UserProfile.swift in Sources */,
				E88EE36C2F69EFCD00AC1D82 /* KFImageView.swift in Sources */,
				94F63A232F717046008E57E7 /* ProgressCircle.swift in Sources */,
				94C353992F74082D005DDBA1 /* PaymentMethodViewModel+Extension.swift in Sources */,
				94D0C12E2F7156360031186B /* CurrencyItemCell.swift in Sources */,
				94D0C12B2F7147A30031186B /* PaymentMethodViewModel.swift in Sources */,
				ABC5E1E62C320585002B4068 /* LinePageControl.swift in Sources */,
				ABC5E1DD2C3204DC002B4068 /* CellsReusingUtils.swift in Sources */,
				E899202A2F771F6700530C1A /* LikeService.swift in Sources */,
				E899202C2F771FEB00530C1A /* LikesStorage.swift in Sources */,
				ABC5E1B52C31FC57002B4068 /* TabBarView.swift in Sources */,
				E88EE3712F6B229400AC1D82 /* NFTCellModel.swift in Sources */,
				E8B42A182F748D8A0056FE41 /* WebViewContainer.swift in Sources */,
				94D0C1012F6AC7480031186B /* Router.swift in Sources */,
				94CDDC5F2F697950003E255F /* NftCardDeleteCover.swift in Sources */,
				94D0C11B2F710D250031186B /* NftOrderPredicate.swift in Sources */,
				94D0C10B2F6C63BF0031186B /* APIResponsesStatus.swift in Sources */,
				94C3538E2F73342D005DDBA1 /* PaymentResponse.swift in Sources */,
				94CDDC612F698753003E255F /* BackgroundBlurView.swift in Sources */,
				ABC5E1E42C32055B002B4068 /* ErrorView.swift in Sources */,
				E88EE35A2F60A0B000AC1D82 /* CatalogueListRowView.swift in Sources */,
				ABC5E1A62C31F815002B4068 /* NetworkRequest.swift in Sources */,
				9404299A2F6443EB0017EC08 /* CartView.swift in Sources */,
				94D0C1232F7141360031186B /* Currency.swift in Sources */,
				ABC5E1D52C320446002B4068 /* NftDetailInput.swift in Sources */,
				E8B42A162F747FB20056FE41 /* WebView.swift in Sources */,
				94863E8F2F7A5F21002D227F /* NftOrder.swift in Sources */,
				ABC5E16E2C31F5AF002B4068 /* ContentView.swift in Sources */,
				ABC5E1B92C31FD51002B4068 /* TestCatalogView.swift in Sources */,
				E8FB5E232F7304D7004E4A90 /* AllNftRequest.swift in Sources */,
				94D0C1252F7143C10031186B /* CurrencyGetRequest.swift in Sources */,
				94D0C1292F71458B0031186B /* CurrencyStorage.swift in Sources */,
				94CDDC592F692C20003E255F /* NftCardItemCell.swift in Sources */,
				944DF0BC2F76C21600DFE9A0 /* Coordinator.swift in Sources */,
				ABC5E1972C31F656002B4068 /* Colors.swift in Sources */,
				E88EE36A2F633D7500AC1D82 /* CollectionRowView.swift in Sources */,
				ABC5E1A42C31F800002B4068 /* NetworkClient.swift in Sources */,
				94D0C1112F6D31DA0031186B /* NftCardImage.swift in Sources */,
				ABC5E1D32C320438002B4068 /* NftDetailAssembly.swift in Sources */,
				E88EE36E2F69FAB700AC1D82 /* CollectionNFTView.swift in Sources */,
				E88EE37B2F6C7CBF00AC1D82 /* CollectionNFTViewModel.swift in Sources */,
				E88EE3762F6C706900AC1D82 /* CatalogueViewModel.swift in Sources */,
				94C353972F74076E005DDBA1 /* CartViewModel+Extension.swift in Sources */,
				94D0C1032F6AC7CE0031186B /* RouteEndpoint.swift in Sources */,
				ABC5E1A12C31F6D7002B4068 /* Nft.swift in Sources */,
				94D0C1272F7144BD0031186B /* CurrencyService.swift in Sources */,
				94D0C0FC2F6AA2020031186B /* CartViewModel.swift in Sources */,
				ABC5E1AE2C31FB7F002B4068 /* NftByIdRequest.swift in Sources */,
				E8B42A1E2F75BAB90056FE41 /* NftOrderService.swift in Sources */,
				E8B42A1A2F75B5CB0056FE41 /* AllNftStorage.swift in Sources */,
				ABC5E1DB2C3204CE002B4068 /* UIView+Constraints.swift in Sources */,
				ABC5E16C2C31F5AF002B4068 /* iOS_FakeNFT_ExtendedApp.swift in Sources */,
				94CDDC632F69DFD2003E255F /* CartEmptyView.swift in Sources */,
				ABC5E1CB2C3203FC002B4068 /* NftDetailCellModel.swift in Sources */,
				E88EE3732F6B3AAC00AC1D82 /* CollectionModel.swift in Sources */,
				E88EE3872F6EDA4D00AC1D82 /* CollectionsServise.swift in Sources */,
				ABC5E1AB2C31FACD002B4068 /* NftService.swift in Sources */,
				E89920282F771E1E00530C1A /* UserProfilePutRequest.swift in Sources */,
				E89920222F7711F900530C1A /* UserProfileStorage.swift in Sources */,
				94C353902F733485005DDBA1 /* PaymentRequest.swift in Sources */,
				94D0C11D2F7131230031186B /* PaymentMethodView.swift in Sources */,
				94C353942F73A615005DDBA1 /* PaymentSuccessView.swift in Sources */,
				94D0C1182F7079B70031186B /* NtfOrderStorage.swift in Sources */,
				ABC5E1B22C31FBD4002B4068 /* ExampleRequest.swift in Sources */,
				ABC5E1CD2C32040C002B4068 /* NftImageCollectionViewCell.swift in Sources */,
				E88EE3852F6EB8F100AC1D82 /* CollectionsRequest.swift in Sources */,
				E88EE3832F6EB47200AC1D82 /* CollectionsStorage.swift in Sources */,
				ABC5E1A82C31FA90002B4068 /* DateFormatters+Presets.swift in Sources */,
				E8FB5E272F730817004E4A90 /* AllNftService.swift in Sources */,
				E8B42A142F746C280056FE41 /* TestView.swift in Sources */,
				ABC5E1D12C32042C002B4068 /* NftDetailPresenter.swift in Sources */,
				942DA9902F72A7D400BCD0D2 /* UserAgreementView.swift in Sources */,
				ABC5E1B02C31FB90002B4068 /* RequestConstants.swift in Sources */,
			);
			runOnlyForDeploymentPostprocessing = 0;
		};
		ABC5E1742C31F5B0002B4068 /* Sources */ = {
			isa = PBXSourcesBuildPhase;
			buildActionMask = 2147483647;
			files = (
				ABC5E17D2C31F5B0002B4068 /* iOS_FakeNFT_ExtendedTests.swift in Sources */,
			);
			runOnlyForDeploymentPostprocessing = 0;
		};
		ABC5E17E2C31F5B0002B4068 /* Sources */ = {
			isa = PBXSourcesBuildPhase;
			buildActionMask = 2147483647;
			files = (
				ABC5E1872C31F5B0002B4068 /* iOS_FakeNFT_ExtendedUITests.swift in Sources */,
			);
			runOnlyForDeploymentPostprocessing = 0;
		};
/* End PBXSourcesBuildPhase section */

/* Begin PBXTargetDependency section */
		ABC5E17A2C31F5B0002B4068 /* PBXTargetDependency */ = {
			isa = PBXTargetDependency;
			target = ABC5E1672C31F5AF002B4068 /* iOS-FakeNFT-Extended */;
			targetProxy = ABC5E1792C31F5B0002B4068 /* PBXContainerItemProxy */;
		};
		ABC5E1842C31F5B0002B4068 /* PBXTargetDependency */ = {
			isa = PBXTargetDependency;
			target = ABC5E1672C31F5AF002B4068 /* iOS-FakeNFT-Extended */;
			targetProxy = ABC5E1832C31F5B0002B4068 /* PBXContainerItemProxy */;
		};
/* End PBXTargetDependency section */

/* Begin PBXVariantGroup section */
		ABC5E1E92C32084F002B4068 /* Localizable.strings */ = {
			isa = PBXVariantGroup;
			children = (
				ABC5E1EA2C32084F002B4068 /* en */,
			);
			name = Localizable.strings;
			sourceTree = "<group>";
		};
/* End PBXVariantGroup section */

/* Begin XCBuildConfiguration section */
		ABC5E18A2C31F5B0002B4068 /* Debug */ = {
			isa = XCBuildConfiguration;
			buildSettings = {
				ALWAYS_SEARCH_USER_PATHS = NO;
				ASSETCATALOG_COMPILER_GENERATE_SWIFT_ASSET_SYMBOL_EXTENSIONS = YES;
				CLANG_ANALYZER_NONNULL = YES;
				CLANG_ANALYZER_NUMBER_OBJECT_CONVERSION = YES_AGGRESSIVE;
				CLANG_CXX_LANGUAGE_STANDARD = "gnu++20";
				CLANG_ENABLE_MODULES = YES;
				CLANG_ENABLE_OBJC_ARC = YES;
				CLANG_ENABLE_OBJC_WEAK = YES;
				CLANG_WARN_BLOCK_CAPTURE_AUTORELEASING = YES;
				CLANG_WARN_BOOL_CONVERSION = YES;
				CLANG_WARN_COMMA = YES;
				CLANG_WARN_CONSTANT_CONVERSION = YES;
				CLANG_WARN_DEPRECATED_OBJC_IMPLEMENTATIONS = YES;
				CLANG_WARN_DIRECT_OBJC_ISA_USAGE = YES_ERROR;
				CLANG_WARN_DOCUMENTATION_COMMENTS = YES;
				CLANG_WARN_EMPTY_BODY = YES;
				CLANG_WARN_ENUM_CONVERSION = YES;
				CLANG_WARN_INFINITE_RECURSION = YES;
				CLANG_WARN_INT_CONVERSION = YES;
				CLANG_WARN_NON_LITERAL_NULL_CONVERSION = YES;
				CLANG_WARN_OBJC_IMPLICIT_RETAIN_SELF = YES;
				CLANG_WARN_OBJC_LITERAL_CONVERSION = YES;
				CLANG_WARN_OBJC_ROOT_CLASS = YES_ERROR;
				CLANG_WARN_QUOTED_INCLUDE_IN_FRAMEWORK_HEADER = YES;
				CLANG_WARN_RANGE_LOOP_ANALYSIS = YES;
				CLANG_WARN_STRICT_PROTOTYPES = YES;
				CLANG_WARN_SUSPICIOUS_MOVE = YES;
				CLANG_WARN_UNGUARDED_AVAILABILITY = YES_AGGRESSIVE;
				CLANG_WARN_UNREACHABLE_CODE = YES;
				CLANG_WARN__DUPLICATE_METHOD_MATCH = YES;
				COPY_PHASE_STRIP = NO;
				DEBUG_INFORMATION_FORMAT = dwarf;
				ENABLE_STRICT_OBJC_MSGSEND = YES;
				ENABLE_TESTABILITY = YES;
				ENABLE_USER_SCRIPT_SANDBOXING = YES;
				GCC_C_LANGUAGE_STANDARD = gnu17;
				GCC_DYNAMIC_NO_PIC = NO;
				GCC_NO_COMMON_BLOCKS = YES;
				GCC_OPTIMIZATION_LEVEL = 0;
				GCC_PREPROCESSOR_DEFINITIONS = (
					"DEBUG=1",
					"$(inherited)",
				);
				GCC_WARN_64_TO_32_BIT_CONVERSION = YES;
				GCC_WARN_ABOUT_RETURN_TYPE = YES_ERROR;
				GCC_WARN_UNDECLARED_SELECTOR = YES;
				GCC_WARN_UNINITIALIZED_AUTOS = YES_AGGRESSIVE;
				GCC_WARN_UNUSED_FUNCTION = YES;
				GCC_WARN_UNUSED_VARIABLE = YES;
				IPHONEOS_DEPLOYMENT_TARGET = 17.4;
				LOCALIZATION_PREFERS_STRING_CATALOGS = YES;
				MTL_ENABLE_DEBUG_INFO = INCLUDE_SOURCE;
				MTL_FAST_MATH = YES;
				ONLY_ACTIVE_ARCH = YES;
				SDKROOT = iphoneos;
				SWIFT_ACTIVE_COMPILATION_CONDITIONS = "DEBUG $(inherited)";
				SWIFT_OPTIMIZATION_LEVEL = "-Onone";
			};
			name = Debug;
		};
		ABC5E18B2C31F5B0002B4068 /* Release */ = {
			isa = XCBuildConfiguration;
			buildSettings = {
				ALWAYS_SEARCH_USER_PATHS = NO;
				ASSETCATALOG_COMPILER_GENERATE_SWIFT_ASSET_SYMBOL_EXTENSIONS = YES;
				CLANG_ANALYZER_NONNULL = YES;
				CLANG_ANALYZER_NUMBER_OBJECT_CONVERSION = YES_AGGRESSIVE;
				CLANG_CXX_LANGUAGE_STANDARD = "gnu++20";
				CLANG_ENABLE_MODULES = YES;
				CLANG_ENABLE_OBJC_ARC = YES;
				CLANG_ENABLE_OBJC_WEAK = YES;
				CLANG_WARN_BLOCK_CAPTURE_AUTORELEASING = YES;
				CLANG_WARN_BOOL_CONVERSION = YES;
				CLANG_WARN_COMMA = YES;
				CLANG_WARN_CONSTANT_CONVERSION = YES;
				CLANG_WARN_DEPRECATED_OBJC_IMPLEMENTATIONS = YES;
				CLANG_WARN_DIRECT_OBJC_ISA_USAGE = YES_ERROR;
				CLANG_WARN_DOCUMENTATION_COMMENTS = YES;
				CLANG_WARN_EMPTY_BODY = YES;
				CLANG_WARN_ENUM_CONVERSION = YES;
				CLANG_WARN_INFINITE_RECURSION = YES;
				CLANG_WARN_INT_CONVERSION = YES;
				CLANG_WARN_NON_LITERAL_NULL_CONVERSION = YES;
				CLANG_WARN_OBJC_IMPLICIT_RETAIN_SELF = YES;
				CLANG_WARN_OBJC_LITERAL_CONVERSION = YES;
				CLANG_WARN_OBJC_ROOT_CLASS = YES_ERROR;
				CLANG_WARN_QUOTED_INCLUDE_IN_FRAMEWORK_HEADER = YES;
				CLANG_WARN_RANGE_LOOP_ANALYSIS = YES;
				CLANG_WARN_STRICT_PROTOTYPES = YES;
				CLANG_WARN_SUSPICIOUS_MOVE = YES;
				CLANG_WARN_UNGUARDED_AVAILABILITY = YES_AGGRESSIVE;
				CLANG_WARN_UNREACHABLE_CODE = YES;
				CLANG_WARN__DUPLICATE_METHOD_MATCH = YES;
				COPY_PHASE_STRIP = NO;
				DEBUG_INFORMATION_FORMAT = "dwarf-with-dsym";
				ENABLE_NS_ASSERTIONS = NO;
				ENABLE_STRICT_OBJC_MSGSEND = YES;
				ENABLE_USER_SCRIPT_SANDBOXING = YES;
				GCC_C_LANGUAGE_STANDARD = gnu17;
				GCC_NO_COMMON_BLOCKS = YES;
				GCC_WARN_64_TO_32_BIT_CONVERSION = YES;
				GCC_WARN_ABOUT_RETURN_TYPE = YES_ERROR;
				GCC_WARN_UNDECLARED_SELECTOR = YES;
				GCC_WARN_UNINITIALIZED_AUTOS = YES_AGGRESSIVE;
				GCC_WARN_UNUSED_FUNCTION = YES;
				GCC_WARN_UNUSED_VARIABLE = YES;
				IPHONEOS_DEPLOYMENT_TARGET = 17.4;
				LOCALIZATION_PREFERS_STRING_CATALOGS = YES;
				MTL_ENABLE_DEBUG_INFO = NO;
				MTL_FAST_MATH = YES;
				SDKROOT = iphoneos;
				SWIFT_COMPILATION_MODE = wholemodule;
				VALIDATE_PRODUCT = YES;
			};
			name = Release;
		};
		ABC5E18D2C31F5B0002B4068 /* Debug */ = {
			isa = XCBuildConfiguration;
			buildSettings = {
				ASSETCATALOG_COMPILER_APPICON_NAME = AppIcon;
				ASSETCATALOG_COMPILER_GLOBAL_ACCENT_COLOR_NAME = AccentColor;
				CODE_SIGN_STYLE = Automatic;
				CURRENT_PROJECT_VERSION = 1;
				DEVELOPMENT_ASSET_PATHS = "\"iOS-FakeNFT-Extended/Preview Content\"";
				ENABLE_PREVIEWS = YES;
				GENERATE_INFOPLIST_FILE = YES;
				INFOPLIST_KEY_UIApplicationSceneManifest_Generation = YES;
				INFOPLIST_KEY_UIApplicationSupportsIndirectInputEvents = YES;
				INFOPLIST_KEY_UILaunchScreen_Generation = YES;
				INFOPLIST_KEY_UISupportedInterfaceOrientations_iPad = "UIInterfaceOrientationPortrait UIInterfaceOrientationPortraitUpsideDown UIInterfaceOrientationLandscapeLeft UIInterfaceOrientationLandscapeRight";
				INFOPLIST_KEY_UISupportedInterfaceOrientations_iPhone = "UIInterfaceOrientationPortrait UIInterfaceOrientationLandscapeLeft UIInterfaceOrientationLandscapeRight";
				IPHONEOS_DEPLOYMENT_TARGET = 17;
				LD_RUNPATH_SEARCH_PATHS = (
					"$(inherited)",
					"@executable_path/Frameworks",
				);
				MARKETING_VERSION = 1.0;
				PRODUCT_BUNDLE_IDENTIFIER = "Yandex-Practicum.iOS-FakeNFT-Extended";
				PRODUCT_NAME = "$(TARGET_NAME)";
				SWIFT_EMIT_LOC_STRINGS = YES;
				SWIFT_VERSION = 5.0;
				TARGETED_DEVICE_FAMILY = "1,2";
			};
			name = Debug;
		};
		ABC5E18E2C31F5B0002B4068 /* Release */ = {
			isa = XCBuildConfiguration;
			buildSettings = {
				ASSETCATALOG_COMPILER_APPICON_NAME = AppIcon;
				ASSETCATALOG_COMPILER_GLOBAL_ACCENT_COLOR_NAME = AccentColor;
				CODE_SIGN_STYLE = Automatic;
				CURRENT_PROJECT_VERSION = 1;
				DEVELOPMENT_ASSET_PATHS = "\"iOS-FakeNFT-Extended/Preview Content\"";
				ENABLE_PREVIEWS = YES;
				GENERATE_INFOPLIST_FILE = YES;
				INFOPLIST_KEY_UIApplicationSceneManifest_Generation = YES;
				INFOPLIST_KEY_UIApplicationSupportsIndirectInputEvents = YES;
				INFOPLIST_KEY_UILaunchScreen_Generation = YES;
				INFOPLIST_KEY_UISupportedInterfaceOrientations_iPad = "UIInterfaceOrientationPortrait UIInterfaceOrientationPortraitUpsideDown UIInterfaceOrientationLandscapeLeft UIInterfaceOrientationLandscapeRight";
				INFOPLIST_KEY_UISupportedInterfaceOrientations_iPhone = "UIInterfaceOrientationPortrait UIInterfaceOrientationLandscapeLeft UIInterfaceOrientationLandscapeRight";
				IPHONEOS_DEPLOYMENT_TARGET = 17;
				LD_RUNPATH_SEARCH_PATHS = (
					"$(inherited)",
					"@executable_path/Frameworks",
				);
				MARKETING_VERSION = 1.0;
				PRODUCT_BUNDLE_IDENTIFIER = "Yandex-Practicum.iOS-FakeNFT-Extended";
				PRODUCT_NAME = "$(TARGET_NAME)";
				SWIFT_EMIT_LOC_STRINGS = YES;
				SWIFT_VERSION = 5.0;
				TARGETED_DEVICE_FAMILY = "1,2";
			};
			name = Release;
		};
		ABC5E1902C31F5B0002B4068 /* Debug */ = {
			isa = XCBuildConfiguration;
			buildSettings = {
				BUNDLE_LOADER = "$(TEST_HOST)";
				CODE_SIGN_STYLE = Automatic;
				CURRENT_PROJECT_VERSION = 1;
				GENERATE_INFOPLIST_FILE = YES;
				IPHONEOS_DEPLOYMENT_TARGET = 17.4;
				MARKETING_VERSION = 1.0;
				PRODUCT_BUNDLE_IDENTIFIER = "Yandex-Practicum.iOS-FakeNFT-ExtendedTests";
				PRODUCT_NAME = "$(TARGET_NAME)";
				SWIFT_EMIT_LOC_STRINGS = NO;
				SWIFT_VERSION = 5.0;
				TARGETED_DEVICE_FAMILY = "1,2";
				TEST_HOST = "$(BUILT_PRODUCTS_DIR)/iOS-FakeNFT-Extended.app/$(BUNDLE_EXECUTABLE_FOLDER_PATH)/iOS-FakeNFT-Extended";
			};
			name = Debug;
		};
		ABC5E1912C31F5B0002B4068 /* Release */ = {
			isa = XCBuildConfiguration;
			buildSettings = {
				BUNDLE_LOADER = "$(TEST_HOST)";
				CODE_SIGN_STYLE = Automatic;
				CURRENT_PROJECT_VERSION = 1;
				GENERATE_INFOPLIST_FILE = YES;
				IPHONEOS_DEPLOYMENT_TARGET = 17.4;
				MARKETING_VERSION = 1.0;
				PRODUCT_BUNDLE_IDENTIFIER = "Yandex-Practicum.iOS-FakeNFT-ExtendedTests";
				PRODUCT_NAME = "$(TARGET_NAME)";
				SWIFT_EMIT_LOC_STRINGS = NO;
				SWIFT_VERSION = 5.0;
				TARGETED_DEVICE_FAMILY = "1,2";
				TEST_HOST = "$(BUILT_PRODUCTS_DIR)/iOS-FakeNFT-Extended.app/$(BUNDLE_EXECUTABLE_FOLDER_PATH)/iOS-FakeNFT-Extended";
			};
			name = Release;
		};
		ABC5E1932C31F5B0002B4068 /* Debug */ = {
			isa = XCBuildConfiguration;
			buildSettings = {
				CODE_SIGN_STYLE = Automatic;
				CURRENT_PROJECT_VERSION = 1;
				GENERATE_INFOPLIST_FILE = YES;
				MARKETING_VERSION = 1.0;
				PRODUCT_BUNDLE_IDENTIFIER = "Yandex-Practicum.iOS-FakeNFT-ExtendedUITests";
				PRODUCT_NAME = "$(TARGET_NAME)";
				SWIFT_EMIT_LOC_STRINGS = NO;
				SWIFT_VERSION = 5.0;
				TARGETED_DEVICE_FAMILY = "1,2";
				TEST_TARGET_NAME = "iOS-FakeNFT-Extended";
			};
			name = Debug;
		};
		ABC5E1942C31F5B0002B4068 /* Release */ = {
			isa = XCBuildConfiguration;
			buildSettings = {
				CODE_SIGN_STYLE = Automatic;
				CURRENT_PROJECT_VERSION = 1;
				GENERATE_INFOPLIST_FILE = YES;
				MARKETING_VERSION = 1.0;
				PRODUCT_BUNDLE_IDENTIFIER = "Yandex-Practicum.iOS-FakeNFT-ExtendedUITests";
				PRODUCT_NAME = "$(TARGET_NAME)";
				SWIFT_EMIT_LOC_STRINGS = NO;
				SWIFT_VERSION = 5.0;
				TARGETED_DEVICE_FAMILY = "1,2";
				TEST_TARGET_NAME = "iOS-FakeNFT-Extended";
			};
			name = Release;
		};
/* End XCBuildConfiguration section */

/* Begin XCConfigurationList section */
		ABC5E1632C31F5AF002B4068 /* Build configuration list for PBXProject "iOS-FakeNFT-Extended" */ = {
			isa = XCConfigurationList;
			buildConfigurations = (
				ABC5E18A2C31F5B0002B4068 /* Debug */,
				ABC5E18B2C31F5B0002B4068 /* Release */,
			);
			defaultConfigurationIsVisible = 0;
			defaultConfigurationName = Release;
		};
		ABC5E18C2C31F5B0002B4068 /* Build configuration list for PBXNativeTarget "iOS-FakeNFT-Extended" */ = {
			isa = XCConfigurationList;
			buildConfigurations = (
				ABC5E18D2C31F5B0002B4068 /* Debug */,
				ABC5E18E2C31F5B0002B4068 /* Release */,
			);
			defaultConfigurationIsVisible = 0;
			defaultConfigurationName = Release;
		};
		ABC5E18F2C31F5B0002B4068 /* Build configuration list for PBXNativeTarget "iOS-FakeNFT-ExtendedTests" */ = {
			isa = XCConfigurationList;
			buildConfigurations = (
				ABC5E1902C31F5B0002B4068 /* Debug */,
				ABC5E1912C31F5B0002B4068 /* Release */,
			);
			defaultConfigurationIsVisible = 0;
			defaultConfigurationName = Release;
		};
		ABC5E1922C31F5B0002B4068 /* Build configuration list for PBXNativeTarget "iOS-FakeNFT-ExtendedUITests" */ = {
			isa = XCConfigurationList;
			buildConfigurations = (
				ABC5E1932C31F5B0002B4068 /* Debug */,
				ABC5E1942C31F5B0002B4068 /* Release */,
			);
			defaultConfigurationIsVisible = 0;
			defaultConfigurationName = Release;
		};
/* End XCConfigurationList section */

/* Begin XCRemoteSwiftPackageReference section */
		ABC5E1D62C3204A9002B4068 /* XCRemoteSwiftPackageReference "Kingfisher" */ = {
			isa = XCRemoteSwiftPackageReference;
			repositoryURL = "https://github.com/onevcat/Kingfisher.git";
			requirement = {
				kind = upToNextMajorVersion;
				minimumVersion = 7.0.0;
			};
		};
		ABC5E1E02C320535002B4068 /* XCRemoteSwiftPackageReference "ProgressHUD" */ = {
			isa = XCRemoteSwiftPackageReference;
			repositoryURL = "https://github.com/relatedcode/ProgressHUD.git";
			requirement = {
				kind = upToNextMajorVersion;
				minimumVersion = 14.0.0;
			};
		};
/* End XCRemoteSwiftPackageReference section */

/* Begin XCSwiftPackageProductDependency section */
		ABC5E1D72C3204A9002B4068 /* Kingfisher */ = {
			isa = XCSwiftPackageProductDependency;
			package = ABC5E1D62C3204A9002B4068 /* XCRemoteSwiftPackageReference "Kingfisher" */;
			productName = Kingfisher;
		};
		ABC5E1E12C320535002B4068 /* ProgressHUD */ = {
			isa = XCSwiftPackageProductDependency;
			package = ABC5E1E02C320535002B4068 /* XCRemoteSwiftPackageReference "ProgressHUD" */;
			productName = ProgressHUD;
		};
/* End XCSwiftPackageProductDependency section */
	};
	rootObject = ABC5E1602C31F5AF002B4068 /* Project object */;
}
